
Microsoft Visual Studio Solution File, Format Version 12.00
# Visual Studio Version 17
VisualStudioVersion = 17.0.32126.317
MinimumVisualStudioVersion = 10.0.40219.1
Project("{FAE04EC0-301F-11D3-BF4B-00C04F79EFBC}") = "CourseWpfApp", "CourseWpfApp\CourseWpfApp.csproj", "{81CBEA6D-7FAC-499F-81A3-BB73AB5E331D}"
EndProject
Project("{FAE04EC0-301F-11D3-BF4B-00C04F79EFBC}") = "CoreLibrary", "CoreLibrary\CoreLibrary.csproj", "{E10AB4B5-99ED-49C8-9F3F-CC4F01461E89}"
EndProject
Global
	GlobalSection(SolutionConfigurationPlatforms) = preSolution
		Debug|Any CPU = Debug|Any CPU
		Release|Any CPU = Release|Any CPU
	EndGlobalSection
	GlobalSection(ProjectConfigurationPlatforms) = postSolution
		{81CBEA6D-7FAC-499F-81A3-BB73AB5E331D}.Debug|Any CPU.ActiveCfg = Debug|Any CPU
		{81CBEA6D-7FAC-499F-81A3-BB73AB5E331D}.Debug|Any CPU.Build.0 = Debug|Any CPU
		{81CBEA6D-7FAC-499F-81A3-BB73AB5E331D}.Release|Any CPU.ActiveCfg = Release|Any CPU
		{81CBEA6D-7FAC-499F-81A3-BB73AB5E331D}.Release|Any CPU.Build.0 = Release|Any CPU
		{E10AB4B5-99ED-49C8-9F3F-CC4F01461E89}.Debug|Any CPU.ActiveCfg = Debug|Any CPU
		{E10AB4B5-99ED-49C8-9F3F-CC4F01461E89}.Debug|Any CPU.Build.0 = Debug|Any CPU
		{E10AB4B5-99ED-49C8-9F3F-CC4F01461E89}.Release|Any CPU.ActiveCfg = Release|Any CPU
		{E10AB4B5-99ED-49C8-9F3F-CC4F01461E89}.Release|Any CPU.Build.0 = Release|Any CPU
	EndGlobalSection
	GlobalSection(SolutionProperties) = preSolution
		HideSolutionNode = FALSE
	EndGlobalSection
	GlobalSection(ExtensibilityGlobals) = postSolution
		SolutionGuid = {165B50B7-2440-4FD7-9FC0-446D1AF11531}
	EndGlobalSection
EndGlobal
